
Microsoft Visual Studio Solution File, Format Version 12.00
# Visual Studio 15
VisualStudioVersion = 15.0.27703.2000
MinimumVisualStudioVersion = 10.0.40219.1
Project("{FAE04EC0-301F-11D3-BF4B-00C04F79EFBC}") = "RailBiding", "RailBiding\RailBiding.csproj", "{9A333CCE-36B8-4187-B808-62908B852EBC}"
EndProject
Project("{FAE04EC0-301F-11D3-BF4B-00C04F79EFBC}") = "DAL", "ClassLibrary1\DAL.csproj", "{7B889946-4049-4F11-9E28-7AD372FDD5CF}"
EndProject
Project("{FAE04EC0-301F-11D3-BF4B-00C04F79EFBC}") = "AliMessage", "AliMessage\AliMessage.csproj", "{ECA57B76-8090-49A2-A6CA-E1F1DDF0CD28}"
EndProject
Project("{FAE04EC0-301F-11D3-BF4B-00C04F79EFBC}") = "OperateExcel", "OperateExcel\OperateExcel.csproj", "{CE80DAE8-442F-4542-85E8-0FEA491BEB29}"
EndProject
Project("{FAE04EC0-301F-11D3-BF4B-00C04F79EFBC}") = "WXMessage", "WXMessage\WXMessage.csproj", "{7371C239-3325-4F9D-9152-5072BBD1717A}"
EndProject
Global
	GlobalSection(SolutionConfigurationPlatforms) = preSolution
		Debug|Any CPU = Debug|Any CPU
		Release|Any CPU = Release|Any CPU
	EndGlobalSection
	GlobalSection(ProjectConfigurationPlatforms) = postSolution
		{9A333CCE-36B8-4187-B808-62908B852EBC}.Debug|Any CPU.ActiveCfg = Debug|Any CPU
		{9A333CCE-36B8-4187-B808-62908B852EBC}.Debug|Any CPU.Build.0 = Debug|Any CPU
		{9A333CCE-36B8-4187-B808-62908B852EBC}.Release|Any CPU.ActiveCfg = Release|Any CPU
		{9A333CCE-36B8-4187-B808-62908B852EBC}.Release|Any CPU.Build.0 = Release|Any CPU
		{7B889946-4049-4F11-9E28-7AD372FDD5CF}.Debug|Any CPU.ActiveCfg = Debug|Any CPU
		{7B889946-4049-4F11-9E28-7AD372FDD5CF}.Debug|Any CPU.Build.0 = Debug|Any CPU
		{7B889946-4049-4F11-9E28-7AD372FDD5CF}.Release|Any CPU.ActiveCfg = Release|Any CPU
		{7B889946-4049-4F11-9E28-7AD372FDD5CF}.Release|Any CPU.Build.0 = Release|Any CPU
		{ECA57B76-8090-49A2-A6CA-E1F1DDF0CD28}.Debug|Any CPU.ActiveCfg = Debug|Any CPU
		{ECA57B76-8090-49A2-A6CA-E1F1DDF0CD28}.Debug|Any CPU.Build.0 = Debug|Any CPU
		{ECA57B76-8090-49A2-A6CA-E1F1DDF0CD28}.Release|Any CPU.ActiveCfg = Release|Any CPU
		{ECA57B76-8090-49A2-A6CA-E1F1DDF0CD28}.Release|Any CPU.Build.0 = Release|Any CPU
		{CE80DAE8-442F-4542-85E8-0FEA491BEB29}.Debug|Any CPU.ActiveCfg = Debug|Any CPU
		{CE80DAE8-442F-4542-85E8-0FEA491BEB29}.Debug|Any CPU.Build.0 = Debug|Any CPU
		{CE80DAE8-442F-4542-85E8-0FEA491BEB29}.Release|Any CPU.ActiveCfg = Release|Any CPU
		{CE80DAE8-442F-4542-85E8-0FEA491BEB29}.Release|Any CPU.Build.0 = Release|Any CPU
		{7371C239-3325-4F9D-9152-5072BBD1717A}.Debug|Any CPU.ActiveCfg = Debug|Any CPU
		{7371C239-3325-4F9D-9152-5072BBD1717A}.Debug|Any CPU.Build.0 = Debug|Any CPU
		{7371C239-3325-4F9D-9152-5072BBD1717A}.Release|Any CPU.ActiveCfg = Release|Any CPU
		{7371C239-3325-4F9D-9152-5072BBD1717A}.Release|Any CPU.Build.0 = Release|Any CPU
	EndGlobalSection
	GlobalSection(SolutionProperties) = preSolution
		HideSolutionNode = FALSE
	EndGlobalSection
	GlobalSection(ExtensibilityGlobals) = postSolution
		SolutionGuid = {EB6B6523-030F-4F5A-8AC5-5B048E32E97D}
	EndGlobalSection
EndGlobal
